{
  "packages": [
    {
      "integrity": "5ab2d7bf57bfe72e7dfc28a475a1e210c32e5274",
      "isPath": false,
      "name": "fuzzy",
      "ref": "master",
      "resolved": "5ab2d7bf57bfe72e7dfc28a475a1e210c32e5274",
      "url": "https://github.com/quadrate-language/fuzzy"
    },
    {
      "integrity": "778aded7d51d2239d2bdf40b9eca5e02034618ec",
      "isPath": false,
      "name": "http",
      "ref": "master",
      "resolved": "778aded7d51d2239d2bdf40b9eca5e02034618ec",
      "url": "https://github.com/quadrate-language/http"
    },
    {
      "integrity": "881663eba1332d7d19a9ae7d6769b612f0bd146f",
      "isPath": false,
      "name": "json",
      "ref": "master",
      "resolved": "881663eba1332d7d19a9ae7d6769b612f0bd146f",
      "url": "https://github.com/quadrate-language/json"
    },
    {
      "integrity": "59edab06712346dc7c754b5acecdfa771c7b2601",
      "isPath": false,
      "name": "net",
      "ref": "master",
      "resolved": "59edab06712346dc7c754b5acecdfa771c7b2601",
      "url": "https://github.com/quadrate-language/net"
    },
    {
      "integrity": "2c41d73612a1ebe4a49cc1e9fb92874e3c682c0f",
      "isPath": false,
      "name": "tls",
      "ref": "master",
      "resolved": "2c41d73612a1ebe4a49cc1e9fb92874e3c682c0f",
      "url": "https://github.com/quadrate-language/tls"
    }
  ],
  "version": 1
}