{
  "packages": [
    {
      "integrity": "b852fdb18a06bbf8da7dd25bec428f2aba3b1d04",
      "isPath": false,
      "name": "fuzzy",
      "ref": "master",
      "resolved": "b852fdb18a06bbf8da7dd25bec428f2aba3b1d04",
      "url": "https://git.sr.ht/~klahr/qdfuzzy"
    },
    {
      "integrity": "72ce3e6cb205b1566091a50ada2f1c05ab96bc51",
      "isPath": false,
      "name": "http",
      "ref": "master",
      "resolved": "72ce3e6cb205b1566091a50ada2f1c05ab96bc51",
      "url": "https://git.sr.ht/~klahr/qdhttp"
    },
    {
      "integrity": "a6d4e0655c7bdb78da995d5879545e5ffa1f5b06",
      "isPath": false,
      "name": "json",
      "ref": "master",
      "resolved": "a6d4e0655c7bdb78da995d5879545e5ffa1f5b06",
      "url": "https://git.sr.ht/~klahr/qdjson"
    },
    {
      "integrity": "3940971c9bfd4b64c84a9dfbb8c122d97fc2ebe2",
      "isPath": false,
      "name": "tls",
      "ref": "master",
      "resolved": "3940971c9bfd4b64c84a9dfbb8c122d97fc2ebe2",
      "url": "https://git.sr.ht/~klahr/qdtls"
    }
  ],
  "version": 1
}